
Microsoft Visual Studio Solution File, Format Version 12.00
# Visual Studio 15
VisualStudioVersion = 15.0.28307.539
MinimumVisualStudioVersion = 10.0.40219.1
Project("{FAE04EC0-301F-11D3-BF4B-00C04F79EFBC}") = "PickerIssue.Android", "PickerIssue\PickerIssue.Android\PickerIssue.Android.csproj", "{48650452-A721-4DCE-AA15-23893E72051B}"
EndProject
Project("{FAE04EC0-301F-11D3-BF4B-00C04F79EFBC}") = "PickerIssue", "PickerIssue\PickerIssue\PickerIssue.csproj", "{2BE174B4-5DEF-44E1-8F7A-2BB86AC0A043}"
EndProject
Global
	GlobalSection(SolutionConfigurationPlatforms) = preSolution
		Debug|Any CPU = Debug|Any CPU
		Release|Any CPU = Release|Any CPU
	EndGlobalSection
	GlobalSection(ProjectConfigurationPlatforms) = postSolution
		{48650452-A721-4DCE-AA15-23893E72051B}.Debug|Any CPU.ActiveCfg = Debug|Any CPU
		{48650452-A721-4DCE-AA15-23893E72051B}.Debug|Any CPU.Build.0 = Debug|Any CPU
		{48650452-A721-4DCE-AA15-23893E72051B}.Debug|Any CPU.Deploy.0 = Debug|Any CPU
		{48650452-A721-4DCE-AA15-23893E72051B}.Release|Any CPU.ActiveCfg = Release|Any CPU
		{48650452-A721-4DCE-AA15-23893E72051B}.Release|Any CPU.Build.0 = Release|Any CPU
		{48650452-A721-4DCE-AA15-23893E72051B}.Release|Any CPU.Deploy.0 = Release|Any CPU
		{2BE174B4-5DEF-44E1-8F7A-2BB86AC0A043}.Debug|Any CPU.ActiveCfg = Debug|Any CPU
		{2BE174B4-5DEF-44E1-8F7A-2BB86AC0A043}.Debug|Any CPU.Build.0 = Debug|Any CPU
		{2BE174B4-5DEF-44E1-8F7A-2BB86AC0A043}.Release|Any CPU.ActiveCfg = Release|Any CPU
		{2BE174B4-5DEF-44E1-8F7A-2BB86AC0A043}.Release|Any CPU.Build.0 = Release|Any CPU
	EndGlobalSection
	GlobalSection(SolutionProperties) = preSolution
		HideSolutionNode = FALSE
	EndGlobalSection
	GlobalSection(ExtensibilityGlobals) = postSolution
		SolutionGuid = {6B534254-F559-4DD7-968E-B64E3CEBF087}
	EndGlobalSection
EndGlobal
